
Microsoft Visual Studio Solution File, Format Version 11.00
# Visual Studio 2010
Project("{FAE04EC0-301F-11D3-BF4B-00C04F79EFBC}") = "grisu.net", "grisu.net\grisu.net.csproj", "{5A07A037-7EE6-4DC5-AB45-564FE1C92D72}"
EndProject
Project("{FAE04EC0-301F-11D3-BF4B-00C04F79EFBC}") = "Tests", "Tests\Tests.csproj", "{5A585E4C-AC9E-4248-96F6-974A4B65E333}"
EndProject
Global
	GlobalSection(SolutionConfigurationPlatforms) = preSolution
		Debug|Any CPU = Debug|Any CPU
		Release|Any CPU = Release|Any CPU
	EndGlobalSection
	GlobalSection(ProjectConfigurationPlatforms) = postSolution
		{5A07A037-7EE6-4DC5-AB45-564FE1C92D72}.Debug|Any CPU.ActiveCfg = Debug|Any CPU
		{5A07A037-7EE6-4DC5-AB45-564FE1C92D72}.Debug|Any CPU.Build.0 = Debug|Any CPU
		{5A07A037-7EE6-4DC5-AB45-564FE1C92D72}.Release|Any CPU.ActiveCfg = Release|Any CPU
		{5A07A037-7EE6-4DC5-AB45-564FE1C92D72}.Release|Any CPU.Build.0 = Release|Any CPU
		{5A585E4C-AC9E-4248-96F6-974A4B65E333}.Debug|Any CPU.ActiveCfg = Debug|Any CPU
		{5A585E4C-AC9E-4248-96F6-974A4B65E333}.Debug|Any CPU.Build.0 = Debug|Any CPU
		{5A585E4C-AC9E-4248-96F6-974A4B65E333}.Release|Any CPU.ActiveCfg = Release|Any CPU
		{5A585E4C-AC9E-4248-96F6-974A4B65E333}.Release|Any CPU.Build.0 = Release|Any CPU
	EndGlobalSection
	GlobalSection(MonoDevelopProperties) = preSolution
		StartupItem = Tests\Tests.csproj
	EndGlobalSection
	GlobalSection(SolutionProperties) = preSolution
		HideSolutionNode = FALSE
	EndGlobalSection
EndGlobal
